// !$*UTF8*$!
{
	archiveVersion = 1;
	classes = {
	};
	objectVersion = 46;
	objects = {

/* Begin PBXBuildFile section */
		4857C23D1E8B943B00458662 /* main.m in Sources */ = {isa = PBXBuildFile; fileRef = 4857C23C1E8B943B00458662 /* main.m */; };
		4857C2401E8B943B00458662 /* AppDelegate.m in Sources */ = {isa = PBXBuildFile; fileRef = 4857C23F1E8B943B00458662 /* AppDelegate.m */; };
		4857C2431E8B943B00458662 /* ViewController.m in Sources */ = {isa = PBXBuildFile; fileRef = 4857C2421E8B943B00458662 /* ViewController.m */; };
		4857C2461E8B943B00458662 /* Main.storyboard in Resources */ = {isa = PBXBuildFile; fileRef = 4857C2441E8B943B00458662 /* Main.storyboard */; };
		4857C2481E8B943B00458662 /* Assets.xcassets in Resources */ = {isa = PBXBuildFile; fileRef = 4857C2471E8B943B00458662 /* Assets.xcassets */; };
		4857C24B1E8B943B00458662 /* LaunchScreen.storyboard in Resources */ = {isa = PBXBuildFile; fileRef = 4857C2491E8B943B00458662 /* LaunchScreen.storyboard */; };
		4857C2561E8B943B00458662 /* TestProjectTests.m in Sources */ = {isa = PBXBuildFile; fileRef = 4857C2551E8B943B00458662 /* TestProjectTests.m */; };
		4857C2611E8B943B00458662 /* TestProjectUITests.m in Sources */ = {isa = PBXBuildFile; fileRef = 4857C2601E8B943B00458662 /* TestProjectUITests.m */; };
/* End PBXBuildFile section */

/* Begin PBXContainerItemProxy section */
		4857C2521E8B943B00458662 /* PBXContainerItemProxy */ = {
			isa = PBXContainerItemProxy;
			containerPortal = 4857C2301E8B943B00458662 /* Project object */;
			proxyType = 1;
			remoteGlobalIDString = 4857C2371E8B943B00458662;
			remoteInfo = TestProject;
		};
		4857C25D1E8B943B00458662 /* PBXContainerItemProxy */ = {
			isa = PBXContainerItemProxy;
			containerPortal = 4857C2301E8B943B00458662 /* Project object */;
			proxyType = 1;
			remoteGlobalIDString = 4857C2371E8B943B00458662;
			remoteInfo = TestProject;
		};
/* End PBXContainerItemProxy section */

/* Begin PBXFileReference section */
		4857C2381E8B943B00458662 /* TestProject.app */ = {isa = PBXFileReference; explicitFileType = wrapper.application; includeInIndex = 0; path = TestProject.app; sourceTree = BUILT_PRODUCTS_DIR; };
		4857C23C1E8B943B00458662 /* main.m */ = {isa = PBXFileReference; lastKnownFileType = sourcecode.c.objc; path = main.m; sourceTree = "<group>"; };
		4857C23E1E8B943B00458662 /* AppDelegate.h */ = {isa = PBXFileReference; lastKnownFileType = sourcecode.c.h; path = AppDelegate.h; sourceTree = "<group>"; };
		4857C23F1E8B943B00458662 /* AppDelegate.m */ = {isa = PBXFileReference; lastKnownFileType = sourcecode.c.objc; path = AppDelegate.m; sourceTree = "<group>"; };
		4857C2411E8B943B00458662 /* ViewController.h */ = {isa = PBXFileReference; lastKnownFileType = sourcecode.c.h; path = ViewController.h; sourceTree = "<group>"; };
		4857C2421E8B943B00458662 /* ViewController.m */ = {isa = PBXFileReference; lastKnownFileType = sourcecode.c.objc; path = ViewController.m; sourceTree = "<group>"; };
		4857C2451E8B943B00458662 /* Base */ = {isa = PBXFileReference; lastKnownFileType = file.storyboard; name = Base; path = Base.lproj/Main.storyboard; sourceTree = "<group>"; };
		4857C2471E8B943B00458662 /* Assets.xcassets */ = {isa = PBXFileReference; lastKnownFileType = folder.assetcatalog; path = Assets.xcassets; sourceTree = "<group>"; };
		4857C24A1E8B943B00458662 /* Base */ = {isa = PBXFileReference; lastKnownFileType = file.storyboard; name = Base; path = Base.lproj/LaunchScreen.storyboard; sourceTree = "<group>"; };
		4857C24C1E8B943B00458662 /* Info.plist */ = {isa = PBXFileReference; lastKnownFileType = text.plist.xml; path = Info.plist; sourceTree = "<group>"; };
		4857C2511E8B943B00458662 /* TestProjectTests.xctest */ = {isa = PBXFileReference; explicitFileType = wrapper.cfbundle; includeInIndex = 0; path = TestProjectTests.xctest; sourceTree = BUILT_PRODUCTS_DIR; };
		4857C2551E8B943B00458662 /* TestProjectTests.m */ = {isa = PBXFileReference; lastKnownFileType = sourcecode.c.objc; path = TestProjectTests.m; sourceTree = "<group>"; };
		4857C2571E8B943B00458662 /* Info.plist */ = {isa = PBXFileReference; lastKnownFileType = text.plist.xml; path = Info.plist; sourceTree = "<group>"; };
		4857C25C1E8B943B00458662 /* TestProjectUITests.xctest */ = {isa = PBXFileReference; explicitFileType = wrapper.cfbundle; includeInIndex = 0; path = TestProjectUITests.xctest; sourceTree = BUILT_PRODUCTS_DIR; };
		4857C2601E8B943B00458662 /* TestProjectUITests.m */ = {isa = PBXFileReference; lastKnownFileType = sourcecode.c.objc; path = TestProjectUITests.m; sourceTree = "<group>"; };
		4857C2621E8B943B00458662 /* Info.plist */ = {isa = PBXFileReference; lastKnownFileType = text.plist.xml; path = Info.plist; sourceTree = "<group>"; };
/* End PBXFileReference section */

/* Begin PBXFrameworksBuildPhase section */
		4857C2351E8B943B00458662 /* Frameworks */ = {
			isa = PBXFrameworksBuildPhase;
			buildActionMask = 2147483647;
			files = (
			);
			runOnlyForDeploymentPostprocessing = 0;
		};
		4857C24E1E8B943B00458662 /* Frameworks */ = {
			isa = PBXFrameworksBuildPhase;
			buildActionMask = 2147483647;
			files = (
			);
			runOnlyForDeploymentPostprocessing = 0;
		};
		4857C2591E8B943B00458662 /* Frameworks */ = {
			isa = PBXFrameworksBuildPhase;
			buildActionMask = 2147483647;
			files = (
			);
			runOnlyForDeploymentPostprocessing = 0;
		};
/* End PBXFrameworksBuildPhase section */

/* Begin PBXGroup section */
		4857C22F1E8B943B00458662 = {
			isa = PBXGroup;
			children = (
				4857C23A1E8B943B00458662 /* TestProject */,
				4857C2541E8B943B00458662 /* TestProjectTests */,
				4857C25F1E8B943B00458662 /* TestProjectUITests */,
				4857C2391E8B943B00458662 /* Products */,
			);
			sourceTree = "<group>";
		};
		4857C2391E8B943B00458662 /* Products */ = {
			isa = PBXGroup;
			children = (
				4857C2381E8B943B00458662 /* TestProject.app */,
				4857C2511E8B943B00458662 /* TestProjectTests.xctest */,
				4857C25C1E8B943B00458662 /* TestProjectUITests.xctest */,
			);
			name = Products;
			sourceTree = "<group>";
		};
		4857C23A1E8B943B00458662 /* TestProject */ = {
			isa = PBXGroup;
			children = (
				4857C23E1E8B943B00458662 /* AppDelegate.h */,
				4857C23F1E8B943B00458662 /* AppDelegate.m */,
				4857C2411E8B943B00458662 /* ViewController.h */,
				4857C2421E8B943B00458662 /* ViewController.m */,
				4857C2441E8B943B00458662 /* Main.storyboard */,
				4857C2471E8B943B00458662 /* Assets.xcassets */,
				4857C2491E8B943B00458662 /* LaunchScreen.storyboard */,
				4857C24C1E8B943B00458662 /* Info.plist */,
				4857C23B1E8B943B00458662 /* Supporting Files */,
			);
			path = TestProject;
			sourceTree = "<group>";
		};
		4857C23B1E8B943B00458662 /* Supporting Files */ = {
			isa = PBXGroup;
			children = (
				4857C23C1E8B943B00458662 /* main.m */,
			);
			name = "Supporting Files";
			sourceTree = "<group>";
		};
		4857C2541E8B943B00458662 /* TestProjectTests */ = {
			isa = PBXGroup;
			children = (
				4857C2551E8B943B00458662 /* TestProjectTests.m */,
				4857C2571E8B943B00458662 /* Info.plist */,
			);
			path = TestProjectTests;
			sourceTree = "<group>";
		};
		4857C25F1E8B943B00458662 /* TestProjectUITests */ = {
			isa = PBXGroup;
			children = (
				4857C2601E8B943B00458662 /* TestProjectUITests.m */,
				4857C2621E8B943B00458662 /* Info.plist */,
			);
			path = TestProjectUITests;
			sourceTree = "<group>";
		};
/* End PBXGroup section */

/* Begin PBXNativeTarget section */
		4857C2371E8B943B00458662 /* TestProject */ = {
			isa = PBXNativeTarget;
			buildConfigurationList = 4857C2651E8B943B00458662 /* Build configuration list for PBXNativeTarget "TestProject" */;
			buildPhases = (
				4857C2341E8B943B00458662 /* Sources */,
				4857C2351E8B943B00458662 /* Frameworks */,
				4857C2361E8B943B00458662 /* Resources */,
			);
			buildRules = (
			);
			dependencies = (
			);
			name = TestProject;
			productName = TestProject;
			productReference = 4857C2381E8B943B00458662 /* TestProject.app */;
			productType = "com.apple.product-type.application";
		};
		4857C2501E8B943B00458662 /* TestProjectTests */ = {
			isa = PBXNativeTarget;
			buildConfigurationList = 4857C2681E8B943B00458662 /* Build configuration list for PBXNativeTarget "TestProjectTests" */;
			buildPhases = (
				4857C24D1E8B943B00458662 /* Sources */,
				4857C24E1E8B943B00458662 /* Frameworks */,
				4857C24F1E8B943B00458662 /* Resources */,
			);
			buildRules = (
			);
			dependencies = (
				4857C2531E8B943B00458662 /* PBXTargetDependency */,
			);
			name = TestProjectTests;
			productName = TestProjectTests;
			productReference = 4857C2511E8B943B00458662 /* TestProjectTests.xctest */;
			productType = "com.apple.product-type.bundle.unit-test";
		};
		4857C25B1E8B943B00458662 /* TestProjectUITests */ = {
			isa = PBXNativeTarget;
			buildConfigurationList = 4857C26B1E8B943B00458662 /* Build configuration list for PBXNativeTarget "TestProjectUITests" */;
			buildPhases = (
				4857C2581E8B943B00458662 /* Sources */,
				4857C2591E8B943B00458662 /* Frameworks */,
				4857C25A1E8B943B00458662 /* Resources */,
			);
			buildRules = (
			);
			dependencies = (
				4857C25E1E8B943B00458662 /* PBXTargetDependency */,
			);
			name = TestProjectUITests;
			productName = TestProjectUITests;
			productReference = 4857C25C1E8B943B00458662 /* TestProjectUITests.xctest */;
			productType = "com.apple.product-type.bundle.ui-testing";
		};
/* End PBXNativeTarget section */

/* Begin PBXProject section */
		4857C2301E8B943B00458662 /* Project object */ = {
			isa = PBXProject;
			attributes = {
				LastUpgradeCheck = 0820;
				ORGANIZATIONNAME = "Shakur AL Islam";
				TargetAttributes = {
					4857C2371E8B943B00458662 = {
						CreatedOnToolsVersion = 8.2;
						ProvisioningStyle = Automatic;
					};
					4857C2501E8B943B00458662 = {
						CreatedOnToolsVersion = 8.2;
						ProvisioningStyle = Automatic;
						TestTargetID = 4857C2371E8B943B00458662;
					};
					4857C25B1E8B943B00458662 = {
						CreatedOnToolsVersion = 8.2;
						ProvisioningStyle = Automatic;
						TestTargetID = 4857C2371E8B943B00458662;
					};
				};
			};
			buildConfigurationList = 4857C2331E8B943B00458662 /* Build configuration list for PBXProject "TestProject" */;
			compatibilityVersion = "Xcode 3.2";
			developmentRegion = English;
			hasScannedForEncodings = 0;
			knownRegions = (
				en,
				Base,
			);
			mainGroup = 4857C22F1E8B943B00458662;
			productRefGroup = 4857C2391E8B943B00458662 /* Products */;
			projectDirPath = "";
			projectRoot = "";
			targets = (
				4857C2371E8B943B00458662 /* TestProject */,
				4857C2501E8B943B00458662 /* TestProjectTests */,
				4857C25B1E8B943B00458662 /* TestProjectUITests */,
			);
		};
/* End PBXProject section */

/* Begin PBXResourcesBuildPhase section */
		4857C2361E8B943B00458662 /* Resources */ = {
			isa = PBXResourcesBuildPhase;
			buildActionMask = 2147483647;
			files = (
				4857C24B1E8B943B00458662 /* LaunchScreen.storyboard in Resources */,
				4857C2481E8B943B00458662 /* Assets.xcassets in Resources */,
				4857C2461E8B943B00458662 /* Main.storyboard in Resources */,
			);
			runOnlyForDeploymentPostprocessing = 0;
		};
		4857C24F1E8B943B00458662 /* Resources */ = {
			isa = PBXResourcesBuildPhase;
			buildActionMask = 2147483647;
			files = (
			);
			runOnlyForDeploymentPostprocessing = 0;
		};
		4857C25A1E8B943B00458662 /* Resources */ = {
			isa = PBXResourcesBuildPhase;
			buildActionMask = 2147483647;
			files = (
			);
			runOnlyForDeploymentPostprocessing = 0;
		};
/* End PBXResourcesBuildPhase section */

/* Begin PBXSourcesBuildPhase section */
		4857C2341E8B943B00458662 /* Sources */ = {
			isa = PBXSourcesBuildPhase;
			buildActionMask = 2147483647;
			files = (
				4857C2431E8B943B00458662 /* ViewController.m in Sources */,
				4857C2401E8B943B00458662 /* AppDelegate.m in Sources */,
				4857C23D1E8B943B00458662 /* main.m in Sources */,
			);
			runOnlyForDeploymentPostprocessing = 0;
		};
		4857C24D1E8B943B00458662 /* Sources */ = {
			isa = PBXSourcesBuildPhase;
			buildActionMask = 2147483647;
			files = (
				4857C2561E8B943B00458662 /* TestProjectTests.m in Sources */,
			);
			runOnlyForDeploymentPostprocessing = 0;
		};
		4857C2581E8B943B00458662 /* Sources */ = {
			isa = PBXSourcesBuildPhase;
			buildActionMask = 2147483647;
			files = (
				4857C2611E8B943B00458662 /* TestProjectUITests.m in Sources */,
			);
			runOnlyForDeploymentPostprocessing = 0;
		};
/* End PBXSourcesBuildPhase section */

/* Begin PBXTargetDependency section */
		4857C2531E8B943B00458662 /* PBXTargetDependency */ = {
			isa = PBXTargetDependency;
			target = 4857C2371E8B943B00458662 /* TestProject */;
			targetProxy = 4857C2521E8B943B00458662 /* PBXContainerItemProxy */;
		};
		4857C25E1E8B943B00458662 /* PBXTargetDependency */ = {
			isa = PBXTargetDependency;
			target = 4857C2371E8B943B00458662 /* TestProject */;
			targetProxy = 4857C25D1E8B943B00458662 /* PBXContainerItemProxy */;
		};
/* End PBXTargetDependency section */

/* Begin PBXVariantGroup section */
		4857C2441E8B943B00458662 /* Main.storyboard */ = {
			isa = PBXVariantGroup;
			children = (
				4857C2451E8B943B00458662 /* Base */,
			);
			name = Main.storyboard;
			sourceTree = "<group>";
		};
		4857C2491E8B943B00458662 /* LaunchScreen.storyboard */ = {
			isa = PBXVariantGroup;
			children = (
				4857C24A1E8B943B00458662 /* Base */,
			);
			name = LaunchScreen.storyboard;
			sourceTree = "<group>";
		};
/* End PBXVariantGroup section */

/* Begin XCBuildConfiguration section */
		4857C2631E8B943B00458662 /* Debug */ = {
			isa = XCBuildConfiguration;
			buildSettings = {
				ALWAYS_SEARCH_USER_PATHS = NO;
				CLANG_ANALYZER_NONNULL = YES;
				CLANG_CXX_LANGUAGE_STANDARD = "gnu++0x";
				CLANG_CXX_LIBRARY = "libc++";
				CLANG_ENABLE_MODULES = YES;
				CLANG_ENABLE_OBJC_ARC = YES;
				CLANG_WARN_BOOL_CONVERSION = YES;
				CLANG_WARN_CONSTANT_CONVERSION = YES;
				CLANG_WARN_DIRECT_OBJC_ISA_USAGE = YES_ERROR;
				CLANG_WARN_DOCUMENTATION_COMMENTS = YES;
				CLANG_WARN_EMPTY_BODY = YES;
				CLANG_WARN_ENUM_CONVERSION = YES;
				CLANG_WARN_INFINITE_RECURSION = YES;
				CLANG_WARN_INT_CONVERSION = YES;
				CLANG_WARN_OBJC_ROOT_CLASS = YES_ERROR;
				CLANG_WARN_SUSPICIOUS_MOVE = YES;
				CLANG_WARN_UNREACHABLE_CODE = YES;
				CLANG_WARN__DUPLICATE_METHOD_MATCH = YES;
				"CODE_SIGN_IDENTITY[sdk=iphoneos*]" = "iPhone Developer";
				COPY_PHASE_STRIP = NO;
				DEBUG_INFORMATION_FORMAT = dwarf;
				ENABLE_STRICT_OBJC_MSGSEND = YES;
				ENABLE_TESTABILITY = YES;
				GCC_C_LANGUAGE_STANDARD = gnu99;
				GCC_DYNAMIC_NO_PIC = NO;
				GCC_NO_COMMON_BLOCKS = YES;
				GCC_OPTIMIZATION_LEVEL = 0;
				GCC_PREPROCESSOR_DEFINITIONS = (
					"DEBUG=1",
					"$(inherited)",
				);
				GCC_WARN_64_TO_32_BIT_CONVERSION = YES;
				GCC_WARN_ABOUT_RETURN_TYPE = YES_ERROR;
				GCC_WARN_UNDECLARED_SELECTOR = YES;
				GCC_WARN_UNINITIALIZED_AUTOS = YES_AGGRESSIVE;
				GCC_WARN_UNUSED_FUNCTION = YES;
				GCC_WARN_UNUSED_VARIABLE = YES;
				IPHONEOS_DEPLOYMENT_TARGET = 10.2;
				MTL_ENABLE_DEBUG_INFO = YES;
				ONLY_ACTIVE_ARCH = YES;
				SDKROOT = iphoneos;
			};
			name = Debug;
		};
		4857C2641E8B943B00458662 /* Release */ = {
			isa = XCBuildConfiguration;
			buildSettings = {
				ALWAYS_SEARCH_USER_PATHS = NO;
				CLANG_ANALYZER_NONNULL = YES;
				CLANG_CXX_LANGUAGE_STANDARD = "gnu++0x";
				CLANG_CXX_LIBRARY = "libc++";
				CLANG_ENABLE_MODULES = YES;
				CLANG_ENABLE_OBJC_ARC = YES;
				CLANG_WARN_BOOL_CONVERSION = YES;
				CLANG_WARN_CONSTANT_CONVERSION = YES;
				CLANG_WARN_DIRECT_OBJC_ISA_USAGE = YES_ERROR;
				CLANG_WARN_DOCUMENTATION_COMMENTS = YES;
				CLANG_WARN_EMPTY_BODY = YES;
				CLANG_WARN_ENUM_CONVERSION = YES;
				CLANG_WARN_INFINITE_RECURSION = YES;
				CLANG_WARN_INT_CONVERSION = YES;
				CLANG_WARN_OBJC_ROOT_CLASS = YES_ERROR;
				CLANG_WARN_SUSPICIOUS_MOVE = YES;
				CLANG_WARN_UNREACHABLE_CODE = YES;
				CLANG_WARN__DUPLICATE_METHOD_MATCH = YES;
				"CODE_SIGN_IDENTITY[sdk=iphoneos*]" = "iPhone Developer";
				COPY_PHASE_STRIP = NO;
				DEBUG_INFORMATION_FORMAT = "dwarf-with-dsym";
				ENABLE_NS_ASSERTIONS = NO;
				ENABLE_STRICT_OBJC_MSGSEND = YES;
				GCC_C_LANGUAGE_STANDARD = gnu99;
				GCC_NO_COMMON_BLOCKS = YES;
				GCC_WARN_64_TO_32_BIT_CONVERSION = YES;
				GCC_WARN_ABOUT_RETURN_TYPE = YES_ERROR;
				GCC_WARN_UNDECLARED_SELECTOR = YES;
				GCC_WARN_UNINITIALIZED_AUTOS = YES_AGGRESSIVE;
				GCC_WARN_UNUSED_FUNCTION = YES;
				GCC_WARN_UNUSED_VARIABLE = YES;
				IPHONEOS_DEPLOYMENT_TARGET = 10.2;
				MTL_ENABLE_DEBUG_INFO = NO;
				SDKROOT = iphoneos;
				VALIDATE_PRODUCT = YES;
			};
			name = Release;
		};
		4857C2661E8B943B00458662 /* Debug */ = {
			isa = XCBuildConfiguration;
			buildSettings = {
				ASSETCATALOG_COMPILER_APPICON_NAME = AppIcon;
				INFOPLIST_FILE = TestProject/Info.plist;
				LD_RUNPATH_SEARCH_PATHS = "$(inherited) @executable_path/Frameworks";
				PRODUCT_BUNDLE_IDENTIFIER = com.justshareit.thumbit.TestProject;
				PRODUCT_NAME = "$(TARGET_NAME)";
			};
			name = Debug;
		};
		4857C2671E8B943B00458662 /* Release */ = {
			isa = XCBuildConfiguration;
			buildSettings = {
				ASSETCATALOG_COMPILER_APPICON_NAME = AppIcon;
				INFOPLIST_FILE = TestProject/Info.plist;
				LD_RUNPATH_SEARCH_PATHS = "$(inherited) @executable_path/Frameworks";
				PRODUCT_BUNDLE_IDENTIFIER = com.justshareit.thumbit.TestProject;
				PRODUCT_NAME = "$(TARGET_NAME)";
			};
			name = Release;
		};
		4857C2691E8B943B00458662 /* Debug */ = {
			isa = XCBuildConfiguration;
			buildSettings = {
				BUNDLE_LOADER = "$(TEST_HOST)";
				INFOPLIST_FILE = TestProjectTests/Info.plist;
				LD_RUNPATH_SEARCH_PATHS = "$(inherited) @executable_path/Frameworks @loader_path/Frameworks";
				PRODUCT_BUNDLE_IDENTIFIER = com.justshareit.thumbit.TestProjectTests;
				PRODUCT_NAME = "$(TARGET_NAME)";
				TEST_HOST = "$(BUILT_PRODUCTS_DIR)/TestProject.app/TestProject";
			};
			name = Debug;
		};
		4857C26A1E8B943B00458662 /* Release */ = {
			isa = XCBuildConfiguration;
			buildSettings = {
				BUNDLE_LOADER = "$(TEST_HOST)";
				INFOPLIST_FILE = TestProjectTests/Info.plist;
				LD_RUNPATH_SEARCH_PATHS = "$(inherited) @executable_path/Frameworks @loader_path/Frameworks";
				PRODUCT_BUNDLE_IDENTIFIER = com.justshareit.thumbit.TestProjectTests;
				PRODUCT_NAME = "$(TARGET_NAME)";
				TEST_HOST = "$(BUILT_PRODUCTS_DIR)/TestProject.app/TestProject";
			};
			name = Release;
		};
		4857C26C1E8B943B00458662 /* Debug */ = {
			isa = XCBuildConfiguration;
			buildSettings = {
				INFOPLIST_FILE = TestProjectUITests/Info.plist;
				LD_RUNPATH_SEARCH_PATHS = "$(inherited) @executable_path/Frameworks @loader_path/Frameworks";
				PRODUCT_BUNDLE_IDENTIFIER = com.justshareit.thumbit.TestProjectUITests;
				PRODUCT_NAME = "$(TARGET_NAME)";
				TEST_TARGET_NAME = TestProject;
			};
			name = Debug;
		};
		4857C26D1E8B943B00458662 /* Release */ = {
			isa = XCBuildConfiguration;
			buildSettings = {
				INFOPLIST_FILE = TestProjectUITests/Info.plist;
				LD_RUNPATH_SEARCH_PATHS = "$(inherited) @executable_path/Frameworks @loader_path/Frameworks";
				PRODUCT_BUNDLE_IDENTIFIER = com.justshareit.thumbit.TestProjectUITests;
				PRODUCT_NAME = "$(TARGET_NAME)";
				TEST_TARGET_NAME = TestProject;
			};
			name = Release;
		};
/* End XCBuildConfiguration section */

/* Begin XCConfigurationList section */
		4857C2331E8B943B00458662 /* Build configuration list for PBXProject "TestProject" */ = {
			isa = XCConfigurationList;
			buildConfigurations = (
				4857C2631E8B943B00458662 /* Debug */,
				4857C2641E8B943B00458662 /* Release */,
			);
			defaultConfigurationIsVisible = 0;
			defaultConfigurationName = Release;
		};
		4857C2651E8B943B00458662 /* Build configuration list for PBXNativeTarget "TestProject" */ = {
			isa = XCConfigurationList;
			buildConfigurations = (
				4857C2661E8B943B00458662 /* Debug */,
				4857C2671E8B943B00458662 /* Release */,
			);
			defaultConfigurationIsVisible = 0;
		};
		4857C2681E8B943B00458662 /* Build configuration list for PBXNativeTarget "TestProjectTests" */ = {
			isa = XCConfigurationList;
			buildConfigurations = (
				4857C2691E8B943B00458662 /* Debug */,
				4857C26A1E8B943B00458662 /* Release */,
			);
			defaultConfigurationIsVisible = 0;
		};
		4857C26B1E8B943B00458662 /* Build configuration list for PBXNativeTarget "TestProjectUITests" */ = {
			isa = XCConfigurationList;
			buildConfigurations = (
				4857C26C1E8B943B00458662 /* Debug */,
				4857C26D1E8B943B00458662 /* Release */,
			);
			defaultConfigurationIsVisible = 0;
		};
/* End XCConfigurationList section */
	};
	rootObject = 4857C2301E8B943B00458662 /* Project object */;
}
